
Microsoft Visual Studio Solution File, Format Version 12.00
# Visual Studio Version 17
VisualStudioVersion = 17.14.36414.22 d17.14
MinimumVisualStudioVersion = 10.0.40219.1
Project("{FAE04EC0-301F-11D3-BF4B-00C04F79EFBC}") = "SQL_FINAL(Kapoy na)", "SQL_FINAL(Kapoy na)\SQL_FINAL(Kapoy na).csproj", "{EAFEC66E-A989-44CD-AD85-62471E053596}"
EndProject
Global
	GlobalSection(SolutionConfigurationPlatforms) = preSolution
		Debug|Any CPU = Debug|Any CPU
		Release|Any CPU = Release|Any CPU
	EndGlobalSection
	GlobalSection(ProjectConfigurationPlatforms) = postSolution
		{EAFEC66E-A989-44CD-AD85-62471E053596}.Debug|Any CPU.ActiveCfg = Debug|Any CPU
		{EAFEC66E-A989-44CD-AD85-62471E053596}.Debug|Any CPU.Build.0 = Debug|Any CPU
		{EAFEC66E-A989-44CD-AD85-62471E053596}.Release|Any CPU.ActiveCfg = Release|Any CPU
		{EAFEC66E-A989-44CD-AD85-62471E053596}.Release|Any CPU.Build.0 = Release|Any CPU
	EndGlobalSection
	GlobalSection(SolutionProperties) = preSolution
		HideSolutionNode = FALSE
	EndGlobalSection
	GlobalSection(ExtensibilityGlobals) = postSolution
		SolutionGuid = {A267EFC0-C377-4E0A-820A-60286FEA33EF}
	EndGlobalSection
EndGlobal
